{
  "name": "repos",
  "lockfileVersion": 2,
  "requires": true,
  "packages": {
    "": {
      "dependencies": {
        "embla-carousel": "^4.5.3"
      }
    },
    "node_modules/embla-carousel": {
      "version": "4.5.3",
      "resolved": "https://registry.npmjs.org/embla-carousel/-/embla-carousel-4.5.3.tgz",
      "integrity": "sha512-S7fPpoV9AsPRII8ytsDQavW4JbU3xWBAO+i158eVahVZYVb04vC+913QfO3FGzsVK/4sb58NJ42LBDh143+YhA=="
    }
  },
  "dependencies": {
    "embla-carousel": {
      "version": "4.5.3",
      "resolved": "https://registry.npmjs.org/embla-carousel/-/embla-carousel-4.5.3.tgz",
      "integrity": "sha512-S7fPpoV9AsPRII8ytsDQavW4JbU3xWBAO+i158eVahVZYVb04vC+913QfO3FGzsVK/4sb58NJ42LBDh143+YhA=="
    }
  }
}
